
Microsoft Visual Studio Solution File, Format Version 12.00
# Visual Studio 2013
VisualStudioVersion = 12.0.30110.0
MinimumVisualStudioVersion = 10.0.40219.1
Project("{FAE04EC0-301F-11D3-BF4B-00C04F79EFBC}") = "UIAControls", "UIAControls\UIAControls.csproj", "{3663F841-CE46-42F6-82A3-FF60E17C0593}"
	ProjectSection(ProjectDependencies) = postProject
		{5766F7EE-37C6-41FF-8144-BB9532339D7D} = {5766F7EE-37C6-41FF-8144-BB9532339D7D}
	EndProjectSection
EndProject
Project("{FAE04EC0-301F-11D3-BF4B-00C04F79EFBC}") = "CustomizeUiaInterop", "CustomizeUiaInterop\CustomizeUiaInterop.csproj", "{12F27127-240F-4AAB-A233-D7C0A2BFC70B}"
EndProject
Project("{FAE04EC0-301F-11D3-BF4B-00C04F79EFBC}") = "UiaControlsTest", "UiaControlsTest\UiaControlsTest.csproj", "{B3C66956-B92B-411B-B7AA-D2DC8C93A801}"
	ProjectSection(ProjectDependencies) = postProject
		{5766F7EE-37C6-41FF-8144-BB9532339D7D} = {5766F7EE-37C6-41FF-8144-BB9532339D7D}
	EndProjectSection
EndProject
Project("{8BC9CEB8-8B4A-11D0-8D11-00A0C91BC942}") = "UIACoreInterop", "UiaCoreInterop\UIACoreInterop.vcxproj", "{5766F7EE-37C6-41FF-8144-BB9532339D7D}"
EndProject
Project("{FAE04EC0-301F-11D3-BF4B-00C04F79EFBC}") = "WpfAppWithAdvTextControl", "WpfAppWithAdvTextControl\WpfAppWithAdvTextControl.csproj", "{B010A379-D2B1-474A-89F8-5A381D99183D}"
EndProject
Project("{FAE04EC0-301F-11D3-BF4B-00C04F79EFBC}") = "ManagedUiaCustomizationCore", "ManagedUiaCustomizationCore\ManagedUiaCustomizationCore.csproj", "{21DB168C-E0EF-4E07-B24A-1E5BB64D2A17}"
	ProjectSection(ProjectDependencies) = postProject
		{5766F7EE-37C6-41FF-8144-BB9532339D7D} = {5766F7EE-37C6-41FF-8144-BB9532339D7D}
	EndProjectSection
EndProject
Project("{FAE04EC0-301F-11D3-BF4B-00C04F79EFBC}") = "UIAComWrapper", "UiaComWrapper\UIAComWrapper\UIAComWrapper.csproj", "{1DD63894-DBB9-40EF-BFF2-55624CB285AF}"
EndProject
Global
	GlobalSection(SolutionConfigurationPlatforms) = preSolution
		Debug|Any CPU = Debug|Any CPU
		Release|Any CPU = Release|Any CPU
	EndGlobalSection
	GlobalSection(ProjectConfigurationPlatforms) = postSolution
		{3663F841-CE46-42F6-82A3-FF60E17C0593}.Debug|Any CPU.ActiveCfg = Debug|Any CPU
		{3663F841-CE46-42F6-82A3-FF60E17C0593}.Debug|Any CPU.Build.0 = Debug|Any CPU
		{3663F841-CE46-42F6-82A3-FF60E17C0593}.Release|Any CPU.ActiveCfg = Release|Any CPU
		{3663F841-CE46-42F6-82A3-FF60E17C0593}.Release|Any CPU.Build.0 = Release|Any CPU
		{12F27127-240F-4AAB-A233-D7C0A2BFC70B}.Debug|Any CPU.ActiveCfg = Debug|Any CPU
		{12F27127-240F-4AAB-A233-D7C0A2BFC70B}.Debug|Any CPU.Build.0 = Debug|Any CPU
		{12F27127-240F-4AAB-A233-D7C0A2BFC70B}.Release|Any CPU.ActiveCfg = Release|Any CPU
		{12F27127-240F-4AAB-A233-D7C0A2BFC70B}.Release|Any CPU.Build.0 = Release|Any CPU
		{B3C66956-B92B-411B-B7AA-D2DC8C93A801}.Debug|Any CPU.ActiveCfg = Debug|Any CPU
		{B3C66956-B92B-411B-B7AA-D2DC8C93A801}.Debug|Any CPU.Build.0 = Debug|Any CPU
		{B3C66956-B92B-411B-B7AA-D2DC8C93A801}.Release|Any CPU.ActiveCfg = Release|Any CPU
		{B3C66956-B92B-411B-B7AA-D2DC8C93A801}.Release|Any CPU.Build.0 = Release|Any CPU
		{5766F7EE-37C6-41FF-8144-BB9532339D7D}.Debug|Any CPU.ActiveCfg = Debug|Win32
		{5766F7EE-37C6-41FF-8144-BB9532339D7D}.Debug|Any CPU.Build.0 = Debug|Win32
		{5766F7EE-37C6-41FF-8144-BB9532339D7D}.Release|Any CPU.ActiveCfg = Release|Win32
		{5766F7EE-37C6-41FF-8144-BB9532339D7D}.Release|Any CPU.Build.0 = Release|Win32
		{B010A379-D2B1-474A-89F8-5A381D99183D}.Debug|Any CPU.ActiveCfg = Debug|Any CPU
		{B010A379-D2B1-474A-89F8-5A381D99183D}.Debug|Any CPU.Build.0 = Debug|Any CPU
		{B010A379-D2B1-474A-89F8-5A381D99183D}.Release|Any CPU.ActiveCfg = Release|Any CPU
		{B010A379-D2B1-474A-89F8-5A381D99183D}.Release|Any CPU.Build.0 = Release|Any CPU
		{21DB168C-E0EF-4E07-B24A-1E5BB64D2A17}.Debug|Any CPU.ActiveCfg = Debug|Any CPU
		{21DB168C-E0EF-4E07-B24A-1E5BB64D2A17}.Debug|Any CPU.Build.0 = Debug|Any CPU
		{21DB168C-E0EF-4E07-B24A-1E5BB64D2A17}.Release|Any CPU.ActiveCfg = Release|Any CPU
		{21DB168C-E0EF-4E07-B24A-1E5BB64D2A17}.Release|Any CPU.Build.0 = Release|Any CPU
		{1DD63894-DBB9-40EF-BFF2-55624CB285AF}.Debug|Any CPU.ActiveCfg = Debug|Any CPU
		{1DD63894-DBB9-40EF-BFF2-55624CB285AF}.Debug|Any CPU.Build.0 = Debug|Any CPU
		{1DD63894-DBB9-40EF-BFF2-55624CB285AF}.Release|Any CPU.ActiveCfg = Release|Any CPU
		{1DD63894-DBB9-40EF-BFF2-55624CB285AF}.Release|Any CPU.Build.0 = Release|Any CPU
	EndGlobalSection
	GlobalSection(SolutionProperties) = preSolution
		HideSolutionNode = FALSE
	EndGlobalSection
EndGlobal
