
Microsoft Visual Studio Solution File, Format Version 10.00
# Visual Studio 2008
Project("{FAE04EC0-301F-11D3-BF4B-00C04F79EFBC}") = "UIAControls", "UIAControls\UIAControls.csproj", "{3663F841-CE46-42F6-82A3-FF60E17C0593}"
EndProject
Global
	GlobalSection(SolutionConfigurationPlatforms) = preSolution
		Debug|Any CPU = Debug|Any CPU
		Release|Any CPU = Release|Any CPU
	EndGlobalSection
	GlobalSection(ProjectConfigurationPlatforms) = postSolution
		{3663F841-CE46-42F6-82A3-FF60E17C0593}.Debug|Any CPU.ActiveCfg = Debug|Any CPU
		{3663F841-CE46-42F6-82A3-FF60E17C0593}.Debug|Any CPU.Build.0 = Debug|Any CPU
		{3663F841-CE46-42F6-82A3-FF60E17C0593}.Release|Any CPU.ActiveCfg = Release|Any CPU
		{3663F841-CE46-42F6-82A3-FF60E17C0593}.Release|Any CPU.Build.0 = Release|Any CPU
	EndGlobalSection
	GlobalSection(SolutionProperties) = preSolution
		HideSolutionNode = FALSE
	EndGlobalSection
EndGlobal
